
Microsoft Visual Studio Solution File, Format Version 12.00
# Visual Studio Version 16
VisualStudioVersion = 16.0.29519.181
MinimumVisualStudioVersion = 10.0.40219.1
Project("{FAE04EC0-301F-11D3-BF4B-00C04F79EFBC}") = "Trade Commissions", "Trade Commissions.csproj", "{89D31E2F-80EC-47E7-94DD-BE361C131C0E}"
EndProject
Global
	GlobalSection(SolutionConfigurationPlatforms) = preSolution
		Debug|Any CPU = Debug|Any CPU
		Release|Any CPU = Release|Any CPU
	EndGlobalSection
	GlobalSection(ProjectConfigurationPlatforms) = postSolution
		{89D31E2F-80EC-47E7-94DD-BE361C131C0E}.Debug|Any CPU.ActiveCfg = Debug|Any CPU
		{89D31E2F-80EC-47E7-94DD-BE361C131C0E}.Debug|Any CPU.Build.0 = Debug|Any CPU
		{89D31E2F-80EC-47E7-94DD-BE361C131C0E}.Release|Any CPU.ActiveCfg = Release|Any CPU
		{89D31E2F-80EC-47E7-94DD-BE361C131C0E}.Release|Any CPU.Build.0 = Release|Any CPU
	EndGlobalSection
	GlobalSection(SolutionProperties) = preSolution
		HideSolutionNode = FALSE
	EndGlobalSection
	GlobalSection(ExtensibilityGlobals) = postSolution
		SolutionGuid = {AECDE974-3A21-48CE-854C-6A5AD882AB9B}
	EndGlobalSection
EndGlobal
